
Microsoft Visual Studio Solution File, Format Version 12.00
# Visual Studio Version 16
VisualStudioVersion = 16.0.31402.337
MinimumVisualStudioVersion = 10.0.40219.1
Project("{FAE04EC0-301F-11D3-BF4B-00C04F79EFBC}") = "TestNuget", "TestNuget\TestNuget.csproj", "{56135518-4AF1-47DC-BA2D-E08442E5D5DF}"
EndProject
Project("{FAE04EC0-301F-11D3-BF4B-00C04F79EFBC}") = "ClassLibrary1", "ClassLibrary1\ClassLibrary1.csproj", "{4CF23E3C-5DA4-4062-BA75-FC8787368166}"
EndProject
Global
	GlobalSection(SolutionConfigurationPlatforms) = preSolution
		Debug|Any CPU = Debug|Any CPU
		Release|Any CPU = Release|Any CPU
	EndGlobalSection
	GlobalSection(ProjectConfigurationPlatforms) = postSolution
		{56135518-4AF1-47DC-BA2D-E08442E5D5DF}.Debug|Any CPU.ActiveCfg = Debug|Any CPU
		{56135518-4AF1-47DC-BA2D-E08442E5D5DF}.Debug|Any CPU.Build.0 = Debug|Any CPU
		{56135518-4AF1-47DC-BA2D-E08442E5D5DF}.Release|Any CPU.ActiveCfg = Release|Any CPU
		{56135518-4AF1-47DC-BA2D-E08442E5D5DF}.Release|Any CPU.Build.0 = Release|Any CPU
		{4CF23E3C-5DA4-4062-BA75-FC8787368166}.Debug|Any CPU.ActiveCfg = Debug|Any CPU
		{4CF23E3C-5DA4-4062-BA75-FC8787368166}.Debug|Any CPU.Build.0 = Debug|Any CPU
		{4CF23E3C-5DA4-4062-BA75-FC8787368166}.Release|Any CPU.ActiveCfg = Release|Any CPU
		{4CF23E3C-5DA4-4062-BA75-FC8787368166}.Release|Any CPU.Build.0 = Release|Any CPU
	EndGlobalSection
	GlobalSection(SolutionProperties) = preSolution
		HideSolutionNode = FALSE
	EndGlobalSection
	GlobalSection(ExtensibilityGlobals) = postSolution
		SolutionGuid = {91E7BAB8-692B-472B-AE4C-5EA3296B6907}
	EndGlobalSection
EndGlobal
